
Microsoft Visual Studio Solution File, Format Version 12.00
# Visual Studio Version 16
VisualStudioVersion = 16.0.31911.196
MinimumVisualStudioVersion = 10.0.40219.1
Project("{9A19103F-16F7-4668-BE54-9A1E7A4F7556}") = "DemoWork", "ASP.NET Core DemoWork\DemoWork.csproj", "{1BA107A1-EA66-49C9-A411-76CF4D378C96}"
EndProject
Project("{9A19103F-16F7-4668-BE54-9A1E7A4F7556}") = "DemoWork.Entities", "DemoWork.Entities\DemoWork.Entities.csproj", "{2AD43733-080C-4320-AB9F-D1DCE6927B21}"
EndProject
Project("{9A19103F-16F7-4668-BE54-9A1E7A4F7556}") = "DemoWork.DataLayer", "DemoWork.DatLayer\DemoWork.DataLayer.csproj", "{9C44C47C-C479-4CCF-A043-7D2DC98062D1}"
EndProject
Project("{9A19103F-16F7-4668-BE54-9A1E7A4F7556}") = "DemoWork.APIs", "DemoWork.APIs\DemoWork.APIs.csproj", "{CCF2219A-D6DA-4B0E-82AC-CECC7703B580}"
EndProject
Project("{9A19103F-16F7-4668-BE54-9A1E7A4F7556}") = "DemoWork.Administration", "DemoWork.Administration\DemoWork.Administration.csproj", "{6A254555-5A4E-4070-8DF6-B8986B47948C}"
EndProject
Project("{9A19103F-16F7-4668-BE54-9A1E7A4F7556}") = "DemoWork.ServiceLayer", "DemoWork.ServiceLayer\DemoWork.ServiceLayer.csproj", "{A63DBBA2-9C71-40EB-B352-DFC5F716590F}"
EndProject
Project("{FAE04EC0-301F-11D3-BF4B-00C04F79EFBC}") = "DemoWork.Common", "DemoWork.Common\DemoWork.Common.csproj", "{5F050679-7A84-4DFA-98D0-18D64C21DD9E}"
EndProject
Global
	GlobalSection(SolutionConfigurationPlatforms) = preSolution
		Debug|Any CPU = Debug|Any CPU
		Release|Any CPU = Release|Any CPU
	EndGlobalSection
	GlobalSection(ProjectConfigurationPlatforms) = postSolution
		{1BA107A1-EA66-49C9-A411-76CF4D378C96}.Debug|Any CPU.ActiveCfg = Debug|Any CPU
		{1BA107A1-EA66-49C9-A411-76CF4D378C96}.Debug|Any CPU.Build.0 = Debug|Any CPU
		{1BA107A1-EA66-49C9-A411-76CF4D378C96}.Release|Any CPU.ActiveCfg = Release|Any CPU
		{1BA107A1-EA66-49C9-A411-76CF4D378C96}.Release|Any CPU.Build.0 = Release|Any CPU
		{2AD43733-080C-4320-AB9F-D1DCE6927B21}.Debug|Any CPU.ActiveCfg = Debug|Any CPU
		{2AD43733-080C-4320-AB9F-D1DCE6927B21}.Debug|Any CPU.Build.0 = Debug|Any CPU
		{2AD43733-080C-4320-AB9F-D1DCE6927B21}.Release|Any CPU.ActiveCfg = Release|Any CPU
		{2AD43733-080C-4320-AB9F-D1DCE6927B21}.Release|Any CPU.Build.0 = Release|Any CPU
		{9C44C47C-C479-4CCF-A043-7D2DC98062D1}.Debug|Any CPU.ActiveCfg = Debug|Any CPU
		{9C44C47C-C479-4CCF-A043-7D2DC98062D1}.Debug|Any CPU.Build.0 = Debug|Any CPU
		{9C44C47C-C479-4CCF-A043-7D2DC98062D1}.Release|Any CPU.ActiveCfg = Release|Any CPU
		{9C44C47C-C479-4CCF-A043-7D2DC98062D1}.Release|Any CPU.Build.0 = Release|Any CPU
		{CCF2219A-D6DA-4B0E-82AC-CECC7703B580}.Debug|Any CPU.ActiveCfg = Debug|Any CPU
		{CCF2219A-D6DA-4B0E-82AC-CECC7703B580}.Debug|Any CPU.Build.0 = Debug|Any CPU
		{CCF2219A-D6DA-4B0E-82AC-CECC7703B580}.Release|Any CPU.ActiveCfg = Release|Any CPU
		{CCF2219A-D6DA-4B0E-82AC-CECC7703B580}.Release|Any CPU.Build.0 = Release|Any CPU
		{6A254555-5A4E-4070-8DF6-B8986B47948C}.Debug|Any CPU.ActiveCfg = Debug|Any CPU
		{6A254555-5A4E-4070-8DF6-B8986B47948C}.Debug|Any CPU.Build.0 = Debug|Any CPU
		{6A254555-5A4E-4070-8DF6-B8986B47948C}.Release|Any CPU.ActiveCfg = Release|Any CPU
		{6A254555-5A4E-4070-8DF6-B8986B47948C}.Release|Any CPU.Build.0 = Release|Any CPU
		{A63DBBA2-9C71-40EB-B352-DFC5F716590F}.Debug|Any CPU.ActiveCfg = Debug|Any CPU
		{A63DBBA2-9C71-40EB-B352-DFC5F716590F}.Debug|Any CPU.Build.0 = Debug|Any CPU
		{A63DBBA2-9C71-40EB-B352-DFC5F716590F}.Release|Any CPU.ActiveCfg = Release|Any CPU
		{A63DBBA2-9C71-40EB-B352-DFC5F716590F}.Release|Any CPU.Build.0 = Release|Any CPU
		{5F050679-7A84-4DFA-98D0-18D64C21DD9E}.Debug|Any CPU.ActiveCfg = Debug|Any CPU
		{5F050679-7A84-4DFA-98D0-18D64C21DD9E}.Debug|Any CPU.Build.0 = Debug|Any CPU
		{5F050679-7A84-4DFA-98D0-18D64C21DD9E}.Release|Any CPU.ActiveCfg = Release|Any CPU
		{5F050679-7A84-4DFA-98D0-18D64C21DD9E}.Release|Any CPU.Build.0 = Release|Any CPU
	EndGlobalSection
	GlobalSection(SolutionProperties) = preSolution
		HideSolutionNode = FALSE
	EndGlobalSection
	GlobalSection(ExtensibilityGlobals) = postSolution
		SolutionGuid = {91051CD4-7438-45A2-B5E1-5BA9ED0C0DA4}
	EndGlobalSection
EndGlobal
